{
  "name": "lazy-contracts",
  "lockfileVersion": 3,
  "requires": true,
  "packages": {
    "": {
      "dependencies": {
        "@openzeppelin/contracts": "^4.9.2",
        "operator-filter-registry": "^1.4.2"
      }
    },
    "node_modules/@openzeppelin/contracts": {
      "version": "4.9.2",
      "resolved": "https://registry.npmjs.org/@openzeppelin/contracts/-/contracts-4.9.2.tgz",
      "integrity": "sha512-mO+y6JaqXjWeMh9glYVzVu8HYPGknAAnWyxTRhGeckOruyXQMNnlcW6w/Dx9ftLeIQk6N+ZJFuVmTwF7lEIFrg=="
    },
    "node_modules/@openzeppelin/contracts-upgradeable": {
      "version": "4.9.3",
      "resolved": "https://registry.npmjs.org/@openzeppelin/contracts-upgradeable/-/contracts-upgradeable-4.9.3.tgz",
      "integrity": "sha512-jjaHAVRMrE4UuZNfDwjlLGDxTHWIOwTJS2ldnc278a0gevfXfPr8hxKEVBGFBE96kl2G3VHDZhUimw/+G3TG2A=="
    },
    "node_modules/operator-filter-registry": {
      "version": "1.4.2",
      "resolved": "https://registry.npmjs.org/operator-filter-registry/-/operator-filter-registry-1.4.2.tgz",
      "integrity": "sha512-BwbzpYUtYePAotSV+TMT0r4TU/eGjlhYKohbhu9sf1g/T3KLRMIfUau6bJp8QyLSCBODr6ega34lj4RakbredQ==",
      "dependencies": {
        "@openzeppelin/contracts": "^4.7.3",
        "@openzeppelin/contracts-upgradeable": "^4.8.2"
      }
    }
  }
}
